// !$*UTF8*$!
{
	archiveVersion = 1;
	classes = {
	};
	objectVersion = 50;
	objects = {

/* Begin PBXBuildFile section */
		FECAB3D02686423800DB4BE5 /* pets_appApp.swift in Sources */ = {isa = PBXBuildFile; fileRef = FECAB3CF2686423800DB4BE5 /* pets_appApp.swift */; };
		FECAB3D22686423800DB4BE5 /* ContentView.swift in Sources */ = {isa = PBXBuildFile; fileRef = FECAB3D12686423800DB4BE5 /* ContentView.swift */; };
		FECAB3D42686423A00DB4BE5 /* Assets.xcassets in Resources */ = {isa = PBXBuildFile; fileRef = FECAB3D32686423A00DB4BE5 /* Assets.xcassets */; };
		FECAB3D72686423A00DB4BE5 /* Preview Assets.xcassets in Resources */ = {isa = PBXBuildFile; fileRef = FECAB3D62686423A00DB4BE5 /* Preview Assets.xcassets */; };
		FECAB3D92686423A00DB4BE5 /* Persistence.swift in Sources */ = {isa = PBXBuildFile; fileRef = FECAB3D82686423A00DB4BE5 /* Persistence.swift */; };
		FECAB3DC2686423A00DB4BE5 /* pets_app.xcdatamodeld in Sources */ = {isa = PBXBuildFile; fileRef = FECAB3DA2686423A00DB4BE5 /* pets_app.xcdatamodeld */; };
		FECAB3E72686423A00DB4BE5 /* pets_appTests.swift in Sources */ = {isa = PBXBuildFile; fileRef = FECAB3E62686423A00DB4BE5 /* pets_appTests.swift */; };
		FECAB3F22686423A00DB4BE5 /* pets_appUITests.swift in Sources */ = {isa = PBXBuildFile; fileRef = FECAB3F12686423A00DB4BE5 /* pets_appUITests.swift */; };
/* End PBXBuildFile section */

/* Begin PBXContainerItemProxy section */
		FECAB3E32686423A00DB4BE5 /* PBXContainerItemProxy */ = {
			isa = PBXContainerItemProxy;
			containerPortal = FECAB3C42686423800DB4BE5 /* Project object */;
			proxyType = 1;
			remoteGlobalIDString = FECAB3CB2686423800DB4BE5;
			remoteInfo = "pets-app";
		};
		FECAB3EE2686423A00DB4BE5 /* PBXContainerItemProxy */ = {
			isa = PBXContainerItemProxy;
			containerPortal = FECAB3C42686423800DB4BE5 /* Project object */;
			proxyType = 1;
			remoteGlobalIDString = FECAB3CB2686423800DB4BE5;
			remoteInfo = "pets-app";
		};
/* End PBXContainerItemProxy section */

/* Begin PBXFileReference section */
		FECAB3CC2686423800DB4BE5 /* pets-app.app */ = {isa = PBXFileReference; explicitFileType = wrapper.application; includeInIndex = 0; path = "pets-app.app"; sourceTree = BUILT_PRODUCTS_DIR; };
		FECAB3CF2686423800DB4BE5 /* pets_appApp.swift */ = {isa = PBXFileReference; lastKnownFileType = sourcecode.swift; path = pets_appApp.swift; sourceTree = "<group>"; };
		FECAB3D12686423800DB4BE5 /* ContentView.swift */ = {isa = PBXFileReference; lastKnownFileType = sourcecode.swift; path = ContentView.swift; sourceTree = "<group>"; };
		FECAB3D32686423A00DB4BE5 /* Assets.xcassets */ = {isa = PBXFileReference; lastKnownFileType = folder.assetcatalog; path = Assets.xcassets; sourceTree = "<group>"; };
		FECAB3D62686423A00DB4BE5 /* Preview Assets.xcassets */ = {isa = PBXFileReference; lastKnownFileType = folder.assetcatalog; path = "Preview Assets.xcassets"; sourceTree = "<group>"; };
		FECAB3D82686423A00DB4BE5 /* Persistence.swift */ = {isa = PBXFileReference; lastKnownFileType = sourcecode.swift; path = Persistence.swift; sourceTree = "<group>"; };
		FECAB3DB2686423A00DB4BE5 /* pets_app.xcdatamodel */ = {isa = PBXFileReference; lastKnownFileType = wrapper.xcdatamodel; path = pets_app.xcdatamodel; sourceTree = "<group>"; };
		FECAB3DD2686423A00DB4BE5 /* Info.plist */ = {isa = PBXFileReference; lastKnownFileType = text.plist.xml; path = Info.plist; sourceTree = "<group>"; };
		FECAB3E22686423A00DB4BE5 /* pets-appTests.xctest */ = {isa = PBXFileReference; explicitFileType = wrapper.cfbundle; includeInIndex = 0; path = "pets-appTests.xctest"; sourceTree = BUILT_PRODUCTS_DIR; };
		FECAB3E62686423A00DB4BE5 /* pets_appTests.swift */ = {isa = PBXFileReference; lastKnownFileType = sourcecode.swift; path = pets_appTests.swift; sourceTree = "<group>"; };
		FECAB3E82686423A00DB4BE5 /* Info.plist */ = {isa = PBXFileReference; lastKnownFileType = text.plist.xml; path = Info.plist; sourceTree = "<group>"; };
		FECAB3ED2686423A00DB4BE5 /* pets-appUITests.xctest */ = {isa = PBXFileReference; explicitFileType = wrapper.cfbundle; includeInIndex = 0; path = "pets-appUITests.xctest"; sourceTree = BUILT_PRODUCTS_DIR; };
		FECAB3F12686423A00DB4BE5 /* pets_appUITests.swift */ = {isa = PBXFileReference; lastKnownFileType = sourcecode.swift; path = pets_appUITests.swift; sourceTree = "<group>"; };
		FECAB3F32686423A00DB4BE5 /* Info.plist */ = {isa = PBXFileReference; lastKnownFileType = text.plist.xml; path = Info.plist; sourceTree = "<group>"; };
/* End PBXFileReference section */

/* Begin PBXFrameworksBuildPhase section */
		FECAB3C92686423800DB4BE5 /* Frameworks */ = {
			isa = PBXFrameworksBuildPhase;
			buildActionMask = 2147483647;
			files = (
			);
			runOnlyForDeploymentPostprocessing = 0;
		};
		FECAB3DF2686423A00DB4BE5 /* Frameworks */ = {
			isa = PBXFrameworksBuildPhase;
			buildActionMask = 2147483647;
			files = (
			);
			runOnlyForDeploymentPostprocessing = 0;
		};
		FECAB3EA2686423A00DB4BE5 /* Frameworks */ = {
			isa = PBXFrameworksBuildPhase;
			buildActionMask = 2147483647;
			files = (
			);
			runOnlyForDeploymentPostprocessing = 0;
		};
/* End PBXFrameworksBuildPhase section */

/* Begin PBXGroup section */
		FECAB3C32686423800DB4BE5 = {
			isa = PBXGroup;
			children = (
				FECAB3CE2686423800DB4BE5 /* pets-app */,
				FECAB3E52686423A00DB4BE5 /* pets-appTests */,
				FECAB3F02686423A00DB4BE5 /* pets-appUITests */,
				FECAB3CD2686423800DB4BE5 /* Products */,
			);
			sourceTree = "<group>";
		};
		FECAB3CD2686423800DB4BE5 /* Products */ = {
			isa = PBXGroup;
			children = (
				FECAB3CC2686423800DB4BE5 /* pets-app.app */,
				FECAB3E22686423A00DB4BE5 /* pets-appTests.xctest */,
				FECAB3ED2686423A00DB4BE5 /* pets-appUITests.xctest */,
			);
			name = Products;
			sourceTree = "<group>";
		};
		FECAB3CE2686423800DB4BE5 /* pets-app */ = {
			isa = PBXGroup;
			children = (
				FECAB3CF2686423800DB4BE5 /* pets_appApp.swift */,
				FECAB3D12686423800DB4BE5 /* ContentView.swift */,
				FECAB3D32686423A00DB4BE5 /* Assets.xcassets */,
				FECAB3D82686423A00DB4BE5 /* Persistence.swift */,
				FECAB3DD2686423A00DB4BE5 /* Info.plist */,
				FECAB3DA2686423A00DB4BE5 /* pets_app.xcdatamodeld */,
				FECAB3D52686423A00DB4BE5 /* Preview Content */,
			);
			path = "pets-app";
			sourceTree = "<group>";
		};
		FECAB3D52686423A00DB4BE5 /* Preview Content */ = {
			isa = PBXGroup;
			children = (
				FECAB3D62686423A00DB4BE5 /* Preview Assets.xcassets */,
			);
			path = "Preview Content";
			sourceTree = "<group>";
		};
		FECAB3E52686423A00DB4BE5 /* pets-appTests */ = {
			isa = PBXGroup;
			children = (
				FECAB3E62686423A00DB4BE5 /* pets_appTests.swift */,
				FECAB3E82686423A00DB4BE5 /* Info.plist */,
			);
			path = "pets-appTests";
			sourceTree = "<group>";
		};
		FECAB3F02686423A00DB4BE5 /* pets-appUITests */ = {
			isa = PBXGroup;
			children = (
				FECAB3F12686423A00DB4BE5 /* pets_appUITests.swift */,
				FECAB3F32686423A00DB4BE5 /* Info.plist */,
			);
			path = "pets-appUITests";
			sourceTree = "<group>";
		};
/* End PBXGroup section */

/* Begin PBXNativeTarget section */
		FECAB3CB2686423800DB4BE5 /* pets-app */ = {
			isa = PBXNativeTarget;
			buildConfigurationList = FECAB3F62686423A00DB4BE5 /* Build configuration list for PBXNativeTarget "pets-app" */;
			buildPhases = (
				FECAB3C82686423800DB4BE5 /* Sources */,
				FECAB3C92686423800DB4BE5 /* Frameworks */,
				FECAB3CA2686423800DB4BE5 /* Resources */,
			);
			buildRules = (
			);
			dependencies = (
			);
			name = "pets-app";
			productName = "pets-app";
			productReference = FECAB3CC2686423800DB4BE5 /* pets-app.app */;
			productType = "com.apple.product-type.application";
		};
		FECAB3E12686423A00DB4BE5 /* pets-appTests */ = {
			isa = PBXNativeTarget;
			buildConfigurationList = FECAB3F92686423A00DB4BE5 /* Build configuration list for PBXNativeTarget "pets-appTests" */;
			buildPhases = (
				FECAB3DE2686423A00DB4BE5 /* Sources */,
				FECAB3DF2686423A00DB4BE5 /* Frameworks */,
				FECAB3E02686423A00DB4BE5 /* Resources */,
			);
			buildRules = (
			);
			dependencies = (
				FECAB3E42686423A00DB4BE5 /* PBXTargetDependency */,
			);
			name = "pets-appTests";
			productName = "pets-appTests";
			productReference = FECAB3E22686423A00DB4BE5 /* pets-appTests.xctest */;
			productType = "com.apple.product-type.bundle.unit-test";
		};
		FECAB3EC2686423A00DB4BE5 /* pets-appUITests */ = {
			isa = PBXNativeTarget;
			buildConfigurationList = FECAB3FC2686423A00DB4BE5 /* Build configuration list for PBXNativeTarget "pets-appUITests" */;
			buildPhases = (
				FECAB3E92686423A00DB4BE5 /* Sources */,
				FECAB3EA2686423A00DB4BE5 /* Frameworks */,
				FECAB3EB2686423A00DB4BE5 /* Resources */,
			);
			buildRules = (
			);
			dependencies = (
				FECAB3EF2686423A00DB4BE5 /* PBXTargetDependency */,
			);
			name = "pets-appUITests";
			productName = "pets-appUITests";
			productReference = FECAB3ED2686423A00DB4BE5 /* pets-appUITests.xctest */;
			productType = "com.apple.product-type.bundle.ui-testing";
		};
/* End PBXNativeTarget section */

/* Begin PBXProject section */
		FECAB3C42686423800DB4BE5 /* Project object */ = {
			isa = PBXProject;
			attributes = {
				LastSwiftUpdateCheck = 1220;
				LastUpgradeCheck = 1220;
				TargetAttributes = {
					FECAB3CB2686423800DB4BE5 = {
						CreatedOnToolsVersion = 12.2;
					};
					FECAB3E12686423A00DB4BE5 = {
						CreatedOnToolsVersion = 12.2;
						TestTargetID = FECAB3CB2686423800DB4BE5;
					};
					FECAB3EC2686423A00DB4BE5 = {
						CreatedOnToolsVersion = 12.2;
						TestTargetID = FECAB3CB2686423800DB4BE5;
					};
				};
			};
			buildConfigurationList = FECAB3C72686423800DB4BE5 /* Build configuration list for PBXProject "pets-app" */;
			compatibilityVersion = "Xcode 9.3";
			developmentRegion = en;
			hasScannedForEncodings = 0;
			knownRegions = (
				en,
				Base,
			);
			mainGroup = FECAB3C32686423800DB4BE5;
			productRefGroup = FECAB3CD2686423800DB4BE5 /* Products */;
			projectDirPath = "";
			projectRoot = "";
			targets = (
				FECAB3CB2686423800DB4BE5 /* pets-app */,
				FECAB3E12686423A00DB4BE5 /* pets-appTests */,
				FECAB3EC2686423A00DB4BE5 /* pets-appUITests */,
			);
		};
/* End PBXProject section */

/* Begin PBXResourcesBuildPhase section */
		FECAB3CA2686423800DB4BE5 /* Resources */ = {
			isa = PBXResourcesBuildPhase;
			buildActionMask = 2147483647;
			files = (
				FECAB3D72686423A00DB4BE5 /* Preview Assets.xcassets in Resources */,
				FECAB3D42686423A00DB4BE5 /* Assets.xcassets in Resources */,
			);
			runOnlyForDeploymentPostprocessing = 0;
		};
		FECAB3E02686423A00DB4BE5 /* Resources */ = {
			isa = PBXResourcesBuildPhase;
			buildActionMask = 2147483647;
			files = (
			);
			runOnlyForDeploymentPostprocessing = 0;
		};
		FECAB3EB2686423A00DB4BE5 /* Resources */ = {
			isa = PBXResourcesBuildPhase;
			buildActionMask = 2147483647;
			files = (
			);
			runOnlyForDeploymentPostprocessing = 0;
		};
/* End PBXResourcesBuildPhase section */

/* Begin PBXSourcesBuildPhase section */
		FECAB3C82686423800DB4BE5 /* Sources */ = {
			isa = PBXSourcesBuildPhase;
			buildActionMask = 2147483647;
			files = (
				FECAB3D92686423A00DB4BE5 /* Persistence.swift in Sources */,
				FECAB3DC2686423A00DB4BE5 /* pets_app.xcdatamodeld in Sources */,
				FECAB3D22686423800DB4BE5 /* ContentView.swift in Sources */,
				FECAB3D02686423800DB4BE5 /* pets_appApp.swift in Sources */,
			);
			runOnlyForDeploymentPostprocessing = 0;
		};
		FECAB3DE2686423A00DB4BE5 /* Sources */ = {
			isa = PBXSourcesBuildPhase;
			buildActionMask = 2147483647;
			files = (
				FECAB3E72686423A00DB4BE5 /* pets_appTests.swift in Sources */,
			);
			runOnlyForDeploymentPostprocessing = 0;
		};
		FECAB3E92686423A00DB4BE5 /* Sources */ = {
			isa = PBXSourcesBuildPhase;
			buildActionMask = 2147483647;
			files = (
				FECAB3F22686423A00DB4BE5 /* pets_appUITests.swift in Sources */,
			);
			runOnlyForDeploymentPostprocessing = 0;
		};
/* End PBXSourcesBuildPhase section */

/* Begin PBXTargetDependency section */
		FECAB3E42686423A00DB4BE5 /* PBXTargetDependency */ = {
			isa = PBXTargetDependency;
			target = FECAB3CB2686423800DB4BE5 /* pets-app */;
			targetProxy = FECAB3E32686423A00DB4BE5 /* PBXContainerItemProxy */;
		};
		FECAB3EF2686423A00DB4BE5 /* PBXTargetDependency */ = {
			isa = PBXTargetDependency;
			target = FECAB3CB2686423800DB4BE5 /* pets-app */;
			targetProxy = FECAB3EE2686423A00DB4BE5 /* PBXContainerItemProxy */;
		};
/* End PBXTargetDependency section */

/* Begin XCBuildConfiguration section */
		FECAB3F42686423A00DB4BE5 /* Debug */ = {
			isa = XCBuildConfiguration;
			buildSettings = {
				ALWAYS_SEARCH_USER_PATHS = NO;
				CLANG_ANALYZER_NONNULL = YES;
				CLANG_ANALYZER_NUMBER_OBJECT_CONVERSION = YES_AGGRESSIVE;
				CLANG_CXX_LANGUAGE_STANDARD = "gnu++14";
				CLANG_CXX_LIBRARY = "libc++";
				CLANG_ENABLE_MODULES = YES;
				CLANG_ENABLE_OBJC_ARC = YES;
				CLANG_ENABLE_OBJC_WEAK = YES;
				CLANG_WARN_BLOCK_CAPTURE_AUTORELEASING = YES;
				CLANG_WARN_BOOL_CONVERSION = YES;
				CLANG_WARN_COMMA = YES;
				CLANG_WARN_CONSTANT_CONVERSION = YES;
				CLANG_WARN_DEPRECATED_OBJC_IMPLEMENTATIONS = YES;
				CLANG_WARN_DIRECT_OBJC_ISA_USAGE = YES_ERROR;
				CLANG_WARN_DOCUMENTATION_COMMENTS = YES;
				CLANG_WARN_EMPTY_BODY = YES;
				CLANG_WARN_ENUM_CONVERSION = YES;
				CLANG_WARN_INFINITE_RECURSION = YES;
				CLANG_WARN_INT_CONVERSION = YES;
				CLANG_WARN_NON_LITERAL_NULL_CONVERSION = YES;
				CLANG_WARN_OBJC_IMPLICIT_RETAIN_SELF = YES;
				CLANG_WARN_OBJC_LITERAL_CONVERSION = YES;
				CLANG_WARN_OBJC_ROOT_CLASS = YES_ERROR;
				CLANG_WARN_QUOTED_INCLUDE_IN_FRAMEWORK_HEADER = YES;
				CLANG_WARN_RANGE_LOOP_ANALYSIS = YES;
				CLANG_WARN_STRICT_PROTOTYPES = YES;
				CLANG_WARN_SUSPICIOUS_MOVE = YES;
				CLANG_WARN_UNGUARDED_AVAILABILITY = YES_AGGRESSIVE;
				CLANG_WARN_UNREACHABLE_CODE = YES;
				CLANG_WARN__DUPLICATE_METHOD_MATCH = YES;
				COPY_PHASE_STRIP = NO;
				DEBUG_INFORMATION_FORMAT = dwarf;
				ENABLE_STRICT_OBJC_MSGSEND = YES;
				ENABLE_TESTABILITY = YES;
				GCC_C_LANGUAGE_STANDARD = gnu11;
				GCC_DYNAMIC_NO_PIC = NO;
				GCC_NO_COMMON_BLOCKS = YES;
				GCC_OPTIMIZATION_LEVEL = 0;
				GCC_PREPROCESSOR_DEFINITIONS = (
					"DEBUG=1",
					"$(inherited)",
				);
				GCC_WARN_64_TO_32_BIT_CONVERSION = YES;
				GCC_WARN_ABOUT_RETURN_TYPE = YES_ERROR;
				GCC_WARN_UNDECLARED_SELECTOR = YES;
				GCC_WARN_UNINITIALIZED_AUTOS = YES_AGGRESSIVE;
				GCC_WARN_UNUSED_FUNCTION = YES;
				GCC_WARN_UNUSED_VARIABLE = YES;
				IPHONEOS_DEPLOYMENT_TARGET = 14.2;
				MTL_ENABLE_DEBUG_INFO = INCLUDE_SOURCE;
				MTL_FAST_MATH = YES;
				ONLY_ACTIVE_ARCH = YES;
				SDKROOT = iphoneos;
				SWIFT_ACTIVE_COMPILATION_CONDITIONS = DEBUG;
				SWIFT_OPTIMIZATION_LEVEL = "-Onone";
			};
			name = Debug;
		};
		FECAB3F52686423A00DB4BE5 /* Release */ = {
			isa = XCBuildConfiguration;
			buildSettings = {
				ALWAYS_SEARCH_USER_PATHS = NO;
				CLANG_ANALYZER_NONNULL = YES;
				CLANG_ANALYZER_NUMBER_OBJECT_CONVERSION = YES_AGGRESSIVE;
				CLANG_CXX_LANGUAGE_STANDARD = "gnu++14";
				CLANG_CXX_LIBRARY = "libc++";
				CLANG_ENABLE_MODULES = YES;
				CLANG_ENABLE_OBJC_ARC = YES;
				CLANG_ENABLE_OBJC_WEAK = YES;
				CLANG_WARN_BLOCK_CAPTURE_AUTORELEASING = YES;
				CLANG_WARN_BOOL_CONVERSION = YES;
				CLANG_WARN_COMMA = YES;
				CLANG_WARN_CONSTANT_CONVERSION = YES;
				CLANG_WARN_DEPRECATED_OBJC_IMPLEMENTATIONS = YES;
				CLANG_WARN_DIRECT_OBJC_ISA_USAGE = YES_ERROR;
				CLANG_WARN_DOCUMENTATION_COMMENTS = YES;
				CLANG_WARN_EMPTY_BODY = YES;
				CLANG_WARN_ENUM_CONVERSION = YES;
				CLANG_WARN_INFINITE_RECURSION = YES;
				CLANG_WARN_INT_CONVERSION = YES;
				CLANG_WARN_NON_LITERAL_NULL_CONVERSION = YES;
				CLANG_WARN_OBJC_IMPLICIT_RETAIN_SELF = YES;
				CLANG_WARN_OBJC_LITERAL_CONVERSION = YES;
				CLANG_WARN_OBJC_ROOT_CLASS = YES_ERROR;
				CLANG_WARN_QUOTED_INCLUDE_IN_FRAMEWORK_HEADER = YES;
				CLANG_WARN_RANGE_LOOP_ANALYSIS = YES;
				CLANG_WARN_STRICT_PROTOTYPES = YES;
				CLANG_WARN_SUSPICIOUS_MOVE = YES;
				CLANG_WARN_UNGUARDED_AVAILABILITY = YES_AGGRESSIVE;
				CLANG_WARN_UNREACHABLE_CODE = YES;
				CLANG_WARN__DUPLICATE_METHOD_MATCH = YES;
				COPY_PHASE_STRIP = NO;
				DEBUG_INFORMATION_FORMAT = "dwarf-with-dsym";
				ENABLE_NS_ASSERTIONS = NO;
				ENABLE_STRICT_OBJC_MSGSEND = YES;
				GCC_C_LANGUAGE_STANDARD = gnu11;
				GCC_NO_COMMON_BLOCKS = YES;
				GCC_WARN_64_TO_32_BIT_CONVERSION = YES;
				GCC_WARN_ABOUT_RETURN_TYPE = YES_ERROR;
				GCC_WARN_UNDECLARED_SELECTOR = YES;
				GCC_WARN_UNINITIALIZED_AUTOS = YES_AGGRESSIVE;
				GCC_WARN_UNUSED_FUNCTION = YES;
				GCC_WARN_UNUSED_VARIABLE = YES;
				IPHONEOS_DEPLOYMENT_TARGET = 14.2;
				MTL_ENABLE_DEBUG_INFO = NO;
				MTL_FAST_MATH = YES;
				SDKROOT = iphoneos;
				SWIFT_COMPILATION_MODE = wholemodule;
				SWIFT_OPTIMIZATION_LEVEL = "-O";
				VALIDATE_PRODUCT = YES;
			};
			name = Release;
		};
		FECAB3F72686423A00DB4BE5 /* Debug */ = {
			isa = XCBuildConfiguration;
			buildSettings = {
				ASSETCATALOG_COMPILER_APPICON_NAME = AppIcon;
				ASSETCATALOG_COMPILER_GLOBAL_ACCENT_COLOR_NAME = AccentColor;
				CODE_SIGN_STYLE = Automatic;
				DEVELOPMENT_ASSET_PATHS = "\"pets-app/Preview Content\"";
				ENABLE_PREVIEWS = YES;
				INFOPLIST_FILE = "pets-app/Info.plist";
				IPHONEOS_DEPLOYMENT_TARGET = 14.0;
				LD_RUNPATH_SEARCH_PATHS = (
					"$(inherited)",
					"@executable_path/Frameworks",
				);
				PRODUCT_BUNDLE_IDENTIFIER = "beardCreation.pets-app";
				PRODUCT_NAME = "$(TARGET_NAME)";
				SWIFT_VERSION = 5.0;
				TARGETED_DEVICE_FAMILY = "1,2";
			};
			name = Debug;
		};
		FECAB3F82686423A00DB4BE5 /* Release */ = {
			isa = XCBuildConfiguration;
			buildSettings = {
				ASSETCATALOG_COMPILER_APPICON_NAME = AppIcon;
				ASSETCATALOG_COMPILER_GLOBAL_ACCENT_COLOR_NAME = AccentColor;
				CODE_SIGN_STYLE = Automatic;
				DEVELOPMENT_ASSET_PATHS = "\"pets-app/Preview Content\"";
				ENABLE_PREVIEWS = YES;
				INFOPLIST_FILE = "pets-app/Info.plist";
				IPHONEOS_DEPLOYMENT_TARGET = 14.0;
				LD_RUNPATH_SEARCH_PATHS = (
					"$(inherited)",
					"@executable_path/Frameworks",
				);
				PRODUCT_BUNDLE_IDENTIFIER = "beardCreation.pets-app";
				PRODUCT_NAME = "$(TARGET_NAME)";
				SWIFT_VERSION = 5.0;
				TARGETED_DEVICE_FAMILY = "1,2";
			};
			name = Release;
		};
		FECAB3FA2686423A00DB4BE5 /* Debug */ = {
			isa = XCBuildConfiguration;
			buildSettings = {
				ALWAYS_EMBED_SWIFT_STANDARD_LIBRARIES = YES;
				BUNDLE_LOADER = "$(TEST_HOST)";
				CODE_SIGN_STYLE = Automatic;
				INFOPLIST_FILE = "pets-appTests/Info.plist";
				IPHONEOS_DEPLOYMENT_TARGET = 14.0;
				LD_RUNPATH_SEARCH_PATHS = (
					"$(inherited)",
					"@executable_path/Frameworks",
					"@loader_path/Frameworks",
				);
				PRODUCT_BUNDLE_IDENTIFIER = "beardCreation.pets-appTests";
				PRODUCT_NAME = "$(TARGET_NAME)";
				SWIFT_VERSION = 5.0;
				TARGETED_DEVICE_FAMILY = "1,2";
				TEST_HOST = "$(BUILT_PRODUCTS_DIR)/pets-app.app/pets-app";
			};
			name = Debug;
		};
		FECAB3FB2686423A00DB4BE5 /* Release */ = {
			isa = XCBuildConfiguration;
			buildSettings = {
				ALWAYS_EMBED_SWIFT_STANDARD_LIBRARIES = YES;
				BUNDLE_LOADER = "$(TEST_HOST)";
				CODE_SIGN_STYLE = Automatic;
				INFOPLIST_FILE = "pets-appTests/Info.plist";
				IPHONEOS_DEPLOYMENT_TARGET = 14.0;
				LD_RUNPATH_SEARCH_PATHS = (
					"$(inherited)",
					"@executable_path/Frameworks",
					"@loader_path/Frameworks",
				);
				PRODUCT_BUNDLE_IDENTIFIER = "beardCreation.pets-appTests";
				PRODUCT_NAME = "$(TARGET_NAME)";
				SWIFT_VERSION = 5.0;
				TARGETED_DEVICE_FAMILY = "1,2";
				TEST_HOST = "$(BUILT_PRODUCTS_DIR)/pets-app.app/pets-app";
			};
			name = Release;
		};
		FECAB3FD2686423A00DB4BE5 /* Debug */ = {
			isa = XCBuildConfiguration;
			buildSettings = {
				ALWAYS_EMBED_SWIFT_STANDARD_LIBRARIES = YES;
				CODE_SIGN_STYLE = Automatic;
				INFOPLIST_FILE = "pets-appUITests/Info.plist";
				LD_RUNPATH_SEARCH_PATHS = (
					"$(inherited)",
					"@executable_path/Frameworks",
					"@loader_path/Frameworks",
				);
				PRODUCT_BUNDLE_IDENTIFIER = "beardCreation.pets-appUITests";
				PRODUCT_NAME = "$(TARGET_NAME)";
				SWIFT_VERSION = 5.0;
				TARGETED_DEVICE_FAMILY = "1,2";
				TEST_TARGET_NAME = "pets-app";
			};
			name = Debug;
		};
		FECAB3FE2686423A00DB4BE5 /* Release */ = {
			isa = XCBuildConfiguration;
			buildSettings = {
				ALWAYS_EMBED_SWIFT_STANDARD_LIBRARIES = YES;
				CODE_SIGN_STYLE = Automatic;
				INFOPLIST_FILE = "pets-appUITests/Info.plist";
				LD_RUNPATH_SEARCH_PATHS = (
					"$(inherited)",
					"@executable_path/Frameworks",
					"@loader_path/Frameworks",
				);
				PRODUCT_BUNDLE_IDENTIFIER = "beardCreation.pets-appUITests";
				PRODUCT_NAME = "$(TARGET_NAME)";
				SWIFT_VERSION = 5.0;
				TARGETED_DEVICE_FAMILY = "1,2";
				TEST_TARGET_NAME = "pets-app";
			};
			name = Release;
		};
/* End XCBuildConfiguration section */

/* Begin XCConfigurationList section */
		FECAB3C72686423800DB4BE5 /* Build configuration list for PBXProject "pets-app" */ = {
			isa = XCConfigurationList;
			buildConfigurations = (
				FECAB3F42686423A00DB4BE5 /* Debug */,
				FECAB3F52686423A00DB4BE5 /* Release */,
			);
			defaultConfigurationIsVisible = 0;
			defaultConfigurationName = Release;
		};
		FECAB3F62686423A00DB4BE5 /* Build configuration list for PBXNativeTarget "pets-app" */ = {
			isa = XCConfigurationList;
			buildConfigurations = (
				FECAB3F72686423A00DB4BE5 /* Debug */,
				FECAB3F82686423A00DB4BE5 /* Release */,
			);
			defaultConfigurationIsVisible = 0;
			defaultConfigurationName = Release;
		};
		FECAB3F92686423A00DB4BE5 /* Build configuration list for PBXNativeTarget "pets-appTests" */ = {
			isa = XCConfigurationList;
			buildConfigurations = (
				FECAB3FA2686423A00DB4BE5 /* Debug */,
				FECAB3FB2686423A00DB4BE5 /* Release */,
			);
			defaultConfigurationIsVisible = 0;
			defaultConfigurationName = Release;
		};
		FECAB3FC2686423A00DB4BE5 /* Build configuration list for PBXNativeTarget "pets-appUITests" */ = {
			isa = XCConfigurationList;
			buildConfigurations = (
				FECAB3FD2686423A00DB4BE5 /* Debug */,
				FECAB3FE2686423A00DB4BE5 /* Release */,
			);
			defaultConfigurationIsVisible = 0;
			defaultConfigurationName = Release;
		};
/* End XCConfigurationList section */

/* Begin XCVersionGroup section */
		FECAB3DA2686423A00DB4BE5 /* pets_app.xcdatamodeld */ = {
			isa = XCVersionGroup;
			children = (
				FECAB3DB2686423A00DB4BE5 /* pets_app.xcdatamodel */,
			);
			currentVersion = FECAB3DB2686423A00DB4BE5 /* pets_app.xcdatamodel */;
			path = pets_app.xcdatamodeld;
			sourceTree = "<group>";
			versionGroupType = wrapper.xcdatamodel;
		};
/* End XCVersionGroup section */
	};
	rootObject = FECAB3C42686423800DB4BE5 /* Project object */;
}
